
Microsoft Visual Studio Solution File, Format Version 12.00
# Visual Studio Version 17
VisualStudioVersion = 17.8.34511.84
MinimumVisualStudioVersion = 10.0.40219.1
Project("{FAE04EC0-301F-11D3-BF4B-00C04F79EFBC}") = "ExpenseTrackerWeb", "ExpenseTrackerWeb\ExpenseTrackerWeb.csproj", "{367AE20A-0B74-4F6E-9618-EF3EBD4D9445}"
EndProject
Global
	GlobalSection(SolutionConfigurationPlatforms) = preSolution
		Debug|Any CPU = Debug|Any CPU
		Release|Any CPU = Release|Any CPU
	EndGlobalSection
	GlobalSection(ProjectConfigurationPlatforms) = postSolution
		{367AE20A-0B74-4F6E-9618-EF3EBD4D9445}.Debug|Any CPU.ActiveCfg = Debug|Any CPU
		{367AE20A-0B74-4F6E-9618-EF3EBD4D9445}.Debug|Any CPU.Build.0 = Debug|Any CPU
		{367AE20A-0B74-4F6E-9618-EF3EBD4D9445}.Release|Any CPU.ActiveCfg = Release|Any CPU
		{367AE20A-0B74-4F6E-9618-EF3EBD4D9445}.Release|Any CPU.Build.0 = Release|Any CPU
	EndGlobalSection
	GlobalSection(SolutionProperties) = preSolution
		HideSolutionNode = FALSE
	EndGlobalSection
	GlobalSection(ExtensibilityGlobals) = postSolution
		SolutionGuid = {A89E3AA7-4D56-4467-BE8B-72CF79463C05}
	EndGlobalSection
EndGlobal
